// !$*UTF8*$!
{
	archiveVersion = 1;
	classes = {
	};
	objectVersion = 46;
	objects = {

/* Begin PBXBuildFile section */
		53DA80741EA7BDF40088728E /* AppDelegate.swift in Sources */ = {isa = PBXBuildFile; fileRef = 53DA80731EA7BDF40088728E /* AppDelegate.swift */; };
		53DA80761EA7BDF40088728E /* RecordSoundsViewController.swift in Sources */ = {isa = PBXBuildFile; fileRef = 53DA80751EA7BDF40088728E /* RecordSoundsViewController.swift */; };
		53DA80791EA7BDF40088728E /* Main.storyboard in Resources */ = {isa = PBXBuildFile; fileRef = 53DA80771EA7BDF40088728E /* Main.storyboard */; };
		53DA807B1EA7BDF40088728E /* Assets.xcassets in Resources */ = {isa = PBXBuildFile; fileRef = 53DA807A1EA7BDF40088728E /* Assets.xcassets */; };
		53DA807E1EA7BDF40088728E /* LaunchScreen.storyboard in Resources */ = {isa = PBXBuildFile; fileRef = 53DA807C1EA7BDF40088728E /* LaunchScreen.storyboard */; };
		53DA80861EA7D2E80088728E /* PlaySoundsViewController.swift in Sources */ = {isa = PBXBuildFile; fileRef = 53DA80851EA7D2E80088728E /* PlaySoundsViewController.swift */; };
		53DA80881EA7FEE50088728E /* playsoundsviewcontroller-audio.swift in Sources */ = {isa = PBXBuildFile; fileRef = 53DA80871EA7FEE50088728E /* playsoundsviewcontroller-audio.swift */; };
/* End PBXBuildFile section */

/* Begin PBXFileReference section */
		53DA80701EA7BDF40088728E /* PitchPerfect.app */ = {isa = PBXFileReference; explicitFileType = wrapper.application; includeInIndex = 0; path = PitchPerfect.app; sourceTree = BUILT_PRODUCTS_DIR; };
		53DA80731EA7BDF40088728E /* AppDelegate.swift */ = {isa = PBXFileReference; lastKnownFileType = sourcecode.swift; path = AppDelegate.swift; sourceTree = "<group>"; };
		53DA80751EA7BDF40088728E /* RecordSoundsViewController.swift */ = {isa = PBXFileReference; lastKnownFileType = sourcecode.swift; path = RecordSoundsViewController.swift; sourceTree = "<group>"; };
		53DA80781EA7BDF40088728E /* Base */ = {isa = PBXFileReference; lastKnownFileType = file.storyboard; name = Base; path = Base.lproj/Main.storyboard; sourceTree = "<group>"; };
		53DA807A1EA7BDF40088728E /* Assets.xcassets */ = {isa = PBXFileReference; lastKnownFileType = folder.assetcatalog; path = Assets.xcassets; sourceTree = "<group>"; };
		53DA807D1EA7BDF40088728E /* Base */ = {isa = PBXFileReference; lastKnownFileType = file.storyboard; name = Base; path = Base.lproj/LaunchScreen.storyboard; sourceTree = "<group>"; };
		53DA807F1EA7BDF40088728E /* Info.plist */ = {isa = PBXFileReference; lastKnownFileType = text.plist.xml; path = Info.plist; sourceTree = "<group>"; };
		53DA80851EA7D2E80088728E /* PlaySoundsViewController.swift */ = {isa = PBXFileReference; fileEncoding = 4; lastKnownFileType = sourcecode.swift; path = PlaySoundsViewController.swift; sourceTree = "<group>"; };
		53DA80871EA7FEE50088728E /* playsoundsviewcontroller-audio.swift */ = {isa = PBXFileReference; fileEncoding = 4; lastKnownFileType = sourcecode.swift; path = "playsoundsviewcontroller-audio.swift"; sourceTree = "<group>"; };
/* End PBXFileReference section */

/* Begin PBXFrameworksBuildPhase section */
		53DA806D1EA7BDF40088728E /* Frameworks */ = {
			isa = PBXFrameworksBuildPhase;
			buildActionMask = 2147483647;
			files = (
			);
			runOnlyForDeploymentPostprocessing = 0;
		};
/* End PBXFrameworksBuildPhase section */

/* Begin PBXGroup section */
		53DA80671EA7BDF40088728E = {
			isa = PBXGroup;
			children = (
				53DA80721EA7BDF40088728E /* PitchPerfect */,
				53DA80711EA7BDF40088728E /* Products */,
			);
			sourceTree = "<group>";
		};
		53DA80711EA7BDF40088728E /* Products */ = {
			isa = PBXGroup;
			children = (
				53DA80701EA7BDF40088728E /* PitchPerfect.app */,
			);
			name = Products;
			sourceTree = "<group>";
		};
		53DA80721EA7BDF40088728E /* PitchPerfect */ = {
			isa = PBXGroup;
			children = (
				53DA80731EA7BDF40088728E /* AppDelegate.swift */,
				53DA80751EA7BDF40088728E /* RecordSoundsViewController.swift */,
				53DA80851EA7D2E80088728E /* PlaySoundsViewController.swift */,
				53DA80871EA7FEE50088728E /* playsoundsviewcontroller-audio.swift */,
				53DA80771EA7BDF40088728E /* Main.storyboard */,
				53DA807A1EA7BDF40088728E /* Assets.xcassets */,
				53DA807C1EA7BDF40088728E /* LaunchScreen.storyboard */,
				53DA807F1EA7BDF40088728E /* Info.plist */,
			);
			path = PitchPerfect;
			sourceTree = "<group>";
		};
/* End PBXGroup section */

/* Begin PBXNativeTarget section */
		53DA806F1EA7BDF40088728E /* PitchPerfect */ = {
			isa = PBXNativeTarget;
			buildConfigurationList = 53DA80821EA7BDF40088728E /* Build configuration list for PBXNativeTarget "PitchPerfect" */;
			buildPhases = (
				53DA806C1EA7BDF40088728E /* Sources */,
				53DA806D1EA7BDF40088728E /* Frameworks */,
				53DA806E1EA7BDF40088728E /* Resources */,
			);
			buildRules = (
			);
			dependencies = (
			);
			name = PitchPerfect;
			productName = PitchPerfect;
			productReference = 53DA80701EA7BDF40088728E /* PitchPerfect.app */;
			productType = "com.apple.product-type.application";
		};
/* End PBXNativeTarget section */

/* Begin PBXProject section */
		53DA80681EA7BDF40088728E /* Project object */ = {
			isa = PBXProject;
			attributes = {
				LastSwiftUpdateCheck = 0830;
				LastUpgradeCheck = 0830;
				ORGANIZATIONNAME = "Jiapei Liang";
				TargetAttributes = {
					53DA806F1EA7BDF40088728E = {
						CreatedOnToolsVersion = 8.3.1;
						DevelopmentTeam = U7XG9JNJ23;
						ProvisioningStyle = Automatic;
					};
				};
			};
			buildConfigurationList = 53DA806B1EA7BDF40088728E /* Build configuration list for PBXProject "PitchPerfect" */;
			compatibilityVersion = "Xcode 3.2";
			developmentRegion = English;
			hasScannedForEncodings = 0;
			knownRegions = (
				en,
				Base,
			);
			mainGroup = 53DA80671EA7BDF40088728E;
			productRefGroup = 53DA80711EA7BDF40088728E /* Products */;
			projectDirPath = "";
			projectRoot = "";
			targets = (
				53DA806F1EA7BDF40088728E /* PitchPerfect */,
			);
		};
/* End PBXProject section */

/* Begin PBXResourcesBuildPhase section */
		53DA806E1EA7BDF40088728E /* Resources */ = {
			isa = PBXResourcesBuildPhase;
			buildActionMask = 2147483647;
			files = (
				53DA807E1EA7BDF40088728E /* LaunchScreen.storyboard in Resources */,
				53DA807B1EA7BDF40088728E /* Assets.xcassets in Resources */,
				53DA80791EA7BDF40088728E /* Main.storyboard in Resources */,
			);
			runOnlyForDeploymentPostprocessing = 0;
		};
/* End PBXResourcesBuildPhase section */

/* Begin PBXSourcesBuildPhase section */
		53DA806C1EA7BDF40088728E /* Sources */ = {
			isa = PBXSourcesBuildPhase;
			buildActionMask = 2147483647;
			files = (
				53DA80761EA7BDF40088728E /* RecordSoundsViewController.swift in Sources */,
				53DA80861EA7D2E80088728E /* PlaySoundsViewController.swift in Sources */,
				53DA80741EA7BDF40088728E /* AppDelegate.swift in Sources */,
				53DA80881EA7FEE50088728E /* playsoundsviewcontroller-audio.swift in Sources */,
			);
			runOnlyForDeploymentPostprocessing = 0;
		};
/* End PBXSourcesBuildPhase section */

/* Begin PBXVariantGroup section */
		53DA80771EA7BDF40088728E /* Main.storyboard */ = {
			isa = PBXVariantGroup;
			children = (
				53DA80781EA7BDF40088728E /* Base */,
			);
			name = Main.storyboard;
			sourceTree = "<group>";
		};
		53DA807C1EA7BDF40088728E /* LaunchScreen.storyboard */ = {
			isa = PBXVariantGroup;
			children = (
				53DA807D1EA7BDF40088728E /* Base */,
			);
			name = LaunchScreen.storyboard;
			sourceTree = "<group>";
		};
/* End PBXVariantGroup section */

/* Begin XCBuildConfiguration section */
		53DA80801EA7BDF40088728E /* Debug */ = {
			isa = XCBuildConfiguration;
			buildSettings = {
				ALWAYS_SEARCH_USER_PATHS = NO;
				CLANG_ANALYZER_NONNULL = YES;
				CLANG_ANALYZER_NUMBER_OBJECT_CONVERSION = YES_AGGRESSIVE;
				CLANG_CXX_LANGUAGE_STANDARD = "gnu++0x";
				CLANG_CXX_LIBRARY = "libc++";
				CLANG_ENABLE_MODULES = YES;
				CLANG_ENABLE_OBJC_ARC = YES;
				CLANG_WARN_BOOL_CONVERSION = YES;
				CLANG_WARN_CONSTANT_CONVERSION = YES;
				CLANG_WARN_DIRECT_OBJC_ISA_USAGE = YES_ERROR;
				CLANG_WARN_DOCUMENTATION_COMMENTS = YES;
				CLANG_WARN_EMPTY_BODY = YES;
				CLANG_WARN_ENUM_CONVERSION = YES;
				CLANG_WARN_INFINITE_RECURSION = YES;
				CLANG_WARN_INT_CONVERSION = YES;
				CLANG_WARN_OBJC_ROOT_CLASS = YES_ERROR;
				CLANG_WARN_SUSPICIOUS_MOVE = YES;
				CLANG_WARN_UNREACHABLE_CODE = YES;
				CLANG_WARN__DUPLICATE_METHOD_MATCH = YES;
				"CODE_SIGN_IDENTITY[sdk=iphoneos*]" = "iPhone Developer";
				COPY_PHASE_STRIP = NO;
				DEBUG_INFORMATION_FORMAT = dwarf;
				ENABLE_STRICT_OBJC_MSGSEND = YES;
				ENABLE_TESTABILITY = YES;
				GCC_C_LANGUAGE_STANDARD = gnu99;
				GCC_DYNAMIC_NO_PIC = NO;
				GCC_NO_COMMON_BLOCKS = YES;
				GCC_OPTIMIZATION_LEVEL = 0;
				GCC_PREPROCESSOR_DEFINITIONS = (
					"DEBUG=1",
					"$(inherited)",
				);
				GCC_WARN_64_TO_32_BIT_CONVERSION = YES;
				GCC_WARN_ABOUT_RETURN_TYPE = YES_ERROR;
				GCC_WARN_UNDECLARED_SELECTOR = YES;
				GCC_WARN_UNINITIALIZED_AUTOS = YES_AGGRESSIVE;
				GCC_WARN_UNUSED_FUNCTION = YES;
				GCC_WARN_UNUSED_VARIABLE = YES;
				IPHONEOS_DEPLOYMENT_TARGET = 10.3;
				MTL_ENABLE_DEBUG_INFO = YES;
				ONLY_ACTIVE_ARCH = YES;
				SDKROOT = iphoneos;
				SWIFT_ACTIVE_COMPILATION_CONDITIONS = DEBUG;
				SWIFT_OPTIMIZATION_LEVEL = "-Onone";
				TARGETED_DEVICE_FAMILY = "1,2";
			};
			name = Debug;
		};
		53DA80811EA7BDF40088728E /* Release */ = {
			isa = XCBuildConfiguration;
			buildSettings = {
				ALWAYS_SEARCH_USER_PATHS = NO;
				CLANG_ANALYZER_NONNULL = YES;
				CLANG_ANALYZER_NUMBER_OBJECT_CONVERSION = YES_AGGRESSIVE;
				CLANG_CXX_LANGUAGE_STANDARD = "gnu++0x";
				CLANG_CXX_LIBRARY = "libc++";
				CLANG_ENABLE_MODULES = YES;
				CLANG_ENABLE_OBJC_ARC = YES;
				CLANG_WARN_BOOL_CONVERSION = YES;
				CLANG_WARN_CONSTANT_CONVERSION = YES;
				CLANG_WARN_DIRECT_OBJC_ISA_USAGE = YES_ERROR;
				CLANG_WARN_DOCUMENTATION_COMMENTS = YES;
				CLANG_WARN_EMPTY_BODY = YES;
				CLANG_WARN_ENUM_CONVERSION = YES;
				CLANG_WARN_INFINITE_RECURSION = YES;
				CLANG_WARN_INT_CONVERSION = YES;
				CLANG_WARN_OBJC_ROOT_CLASS = YES_ERROR;
				CLANG_WARN_SUSPICIOUS_MOVE = YES;
				CLANG_WARN_UNREACHABLE_CODE = YES;
				CLANG_WARN__DUPLICATE_METHOD_MATCH = YES;
				"CODE_SIGN_IDENTITY[sdk=iphoneos*]" = "iPhone Developer";
				COPY_PHASE_STRIP = NO;
				DEBUG_INFORMATION_FORMAT = "dwarf-with-dsym";
				ENABLE_NS_ASSERTIONS = NO;
				ENABLE_STRICT_OBJC_MSGSEND = YES;
				GCC_C_LANGUAGE_STANDARD = gnu99;
				GCC_NO_COMMON_BLOCKS = YES;
				GCC_WARN_64_TO_32_BIT_CONVERSION = YES;
				GCC_WARN_ABOUT_RETURN_TYPE = YES_ERROR;
				GCC_WARN_UNDECLARED_SELECTOR = YES;
				GCC_WARN_UNINITIALIZED_AUTOS = YES_AGGRESSIVE;
				GCC_WARN_UNUSED_FUNCTION = YES;
				GCC_WARN_UNUSED_VARIABLE = YES;
				IPHONEOS_DEPLOYMENT_TARGET = 10.3;
				MTL_ENABLE_DEBUG_INFO = NO;
				SDKROOT = iphoneos;
				SWIFT_OPTIMIZATION_LEVEL = "-Owholemodule";
				TARGETED_DEVICE_FAMILY = "1,2";
				VALIDATE_PRODUCT = YES;
			};
			name = Release;
		};
		53DA80831EA7BDF40088728E /* Debug */ = {
			isa = XCBuildConfiguration;
			buildSettings = {
				ASSETCATALOG_COMPILER_APPICON_NAME = AppIcon;
				DEVELOPMENT_TEAM = U7XG9JNJ23;
				INFOPLIST_FILE = PitchPerfect/Info.plist;
				IPHONEOS_DEPLOYMENT_TARGET = 10.0;
				LD_RUNPATH_SEARCH_PATHS = "$(inherited) @executable_path/Frameworks";
				PRODUCT_BUNDLE_IDENTIFIER = com.liangjiapei.PitchPerfect;
				PRODUCT_NAME = "$(TARGET_NAME)";
				SWIFT_VERSION = 3.0;
			};
			name = Debug;
		};
		53DA80841EA7BDF40088728E /* Release */ = {
			isa = XCBuildConfiguration;
			buildSettings = {
				ASSETCATALOG_COMPILER_APPICON_NAME = AppIcon;
				DEVELOPMENT_TEAM = U7XG9JNJ23;
				INFOPLIST_FILE = PitchPerfect/Info.plist;
				IPHONEOS_DEPLOYMENT_TARGET = 10.0;
				LD_RUNPATH_SEARCH_PATHS = "$(inherited) @executable_path/Frameworks";
				PRODUCT_BUNDLE_IDENTIFIER = com.liangjiapei.PitchPerfect;
				PRODUCT_NAME = "$(TARGET_NAME)";
				SWIFT_VERSION = 3.0;
			};
			name = Release;
		};
/* End XCBuildConfiguration section */

/* Begin XCConfigurationList section */
		53DA806B1EA7BDF40088728E /* Build configuration list for PBXProject "PitchPerfect" */ = {
			isa = XCConfigurationList;
			buildConfigurations = (
				53DA80801EA7BDF40088728E /* Debug */,
				53DA80811EA7BDF40088728E /* Release */,
			);
			defaultConfigurationIsVisible = 0;
			defaultConfigurationName = Release;
		};
		53DA80821EA7BDF40088728E /* Build configuration list for PBXNativeTarget "PitchPerfect" */ = {
			isa = XCConfigurationList;
			buildConfigurations = (
				53DA80831EA7BDF40088728E /* Debug */,
				53DA80841EA7BDF40088728E /* Release */,
			);
			defaultConfigurationIsVisible = 0;
			defaultConfigurationName = Release;
		};
/* End XCConfigurationList section */
	};
	rootObject = 53DA80681EA7BDF40088728E /* Project object */;
}
